
Microsoft Visual Studio Solution File, Format Version 12.00
# Visual Studio Version 17
VisualStudioVersion = 17.14.36301.6
MinimumVisualStudioVersion = 10.0.40219.1
Project("{FAE04EC0-301F-11D3-BF4B-00C04F79EFBC}") = "IdentityService.Domain", "src\services\identity-service\IdentityService.Domain\IdentityService.Domain.csproj", "{026879EB-D6B1-4C59-BDEF-21F9D7CBD9D8}"
EndProject
Project("{FAE04EC0-301F-11D3-BF4B-00C04F79EFBC}") = "IdentityService.Infrastructure", "src\services\identity-service\IdentityService.Infrastructure\IdentityService.Infrastructure.csproj", "{3C0EB0B7-271E-47C8-926A-96B8891EDA10}"
EndProject
Project("{FAE04EC0-301F-11D3-BF4B-00C04F79EFBC}") = "IdentityService.Application", "src\services\identity-service\IdentityService.Application\IdentityService.Application.csproj", "{85A1D1BE-12A3-4D9D-A029-417454980D73}"
EndProject
Project("{FAE04EC0-301F-11D3-BF4B-00C04F79EFBC}") = "IdentityService.Api", "src\services\identity-service\IdentityService.Api\IdentityService.Api.csproj", "{54400B76-1101-4ECB-B958-EC6C0394EFB8}"
EndProject
Project("{FAE04EC0-301F-11D3-BF4B-00C04F79EFBC}") = "ApiGateway", "src\ApiGateway\ApiGateway.csproj", "{1C66F94B-C20A-41BA-B4EB-B0C4C7083741}"
EndProject
Global
	GlobalSection(SolutionConfigurationPlatforms) = preSolution
		Debug|Any CPU = Debug|Any CPU
		Release|Any CPU = Release|Any CPU
	EndGlobalSection
	GlobalSection(ProjectConfigurationPlatforms) = postSolution
		{026879EB-D6B1-4C59-BDEF-21F9D7CBD9D8}.Debug|Any CPU.ActiveCfg = Debug|Any CPU
		{026879EB-D6B1-4C59-BDEF-21F9D7CBD9D8}.Debug|Any CPU.Build.0 = Debug|Any CPU
		{026879EB-D6B1-4C59-BDEF-21F9D7CBD9D8}.Release|Any CPU.ActiveCfg = Release|Any CPU
		{026879EB-D6B1-4C59-BDEF-21F9D7CBD9D8}.Release|Any CPU.Build.0 = Release|Any CPU
		{3C0EB0B7-271E-47C8-926A-96B8891EDA10}.Debug|Any CPU.ActiveCfg = Debug|Any CPU
		{3C0EB0B7-271E-47C8-926A-96B8891EDA10}.Debug|Any CPU.Build.0 = Debug|Any CPU
		{3C0EB0B7-271E-47C8-926A-96B8891EDA10}.Release|Any CPU.ActiveCfg = Release|Any CPU
		{3C0EB0B7-271E-47C8-926A-96B8891EDA10}.Release|Any CPU.Build.0 = Release|Any CPU
		{85A1D1BE-12A3-4D9D-A029-417454980D73}.Debug|Any CPU.ActiveCfg = Debug|Any CPU
		{85A1D1BE-12A3-4D9D-A029-417454980D73}.Debug|Any CPU.Build.0 = Debug|Any CPU
		{85A1D1BE-12A3-4D9D-A029-417454980D73}.Release|Any CPU.ActiveCfg = Release|Any CPU
		{85A1D1BE-12A3-4D9D-A029-417454980D73}.Release|Any CPU.Build.0 = Release|Any CPU
		{54400B76-1101-4ECB-B958-EC6C0394EFB8}.Debug|Any CPU.ActiveCfg = Debug|Any CPU
		{54400B76-1101-4ECB-B958-EC6C0394EFB8}.Debug|Any CPU.Build.0 = Debug|Any CPU
		{54400B76-1101-4ECB-B958-EC6C0394EFB8}.Release|Any CPU.ActiveCfg = Release|Any CPU
		{54400B76-1101-4ECB-B958-EC6C0394EFB8}.Release|Any CPU.Build.0 = Release|Any CPU
		{1C66F94B-C20A-41BA-B4EB-B0C4C7083741}.Debug|Any CPU.ActiveCfg = Debug|Any CPU
		{1C66F94B-C20A-41BA-B4EB-B0C4C7083741}.Debug|Any CPU.Build.0 = Debug|Any CPU
		{1C66F94B-C20A-41BA-B4EB-B0C4C7083741}.Release|Any CPU.ActiveCfg = Release|Any CPU
		{1C66F94B-C20A-41BA-B4EB-B0C4C7083741}.Release|Any CPU.Build.0 = Release|Any CPU
	EndGlobalSection
	GlobalSection(SolutionProperties) = preSolution
		HideSolutionNode = FALSE
	EndGlobalSection
	GlobalSection(ExtensibilityGlobals) = postSolution
		SolutionGuid = {B10DBF28-5544-4154-9458-876BBFE50C4F}
	EndGlobalSection
EndGlobal
